
Microsoft Visual Studio Solution File, Format Version 12.00
# Visual Studio 15
VisualStudioVersion = 15.0.28307.168
MinimumVisualStudioVersion = 10.0.40219.1
Project("{FAE04EC0-301F-11D3-BF4B-00C04F79EFBC}") = "c0725563", "c0725563\c0725563.csproj", "{FE34795B-50A3-48A4-B148-42AD55B5A933}"
EndProject
Global
	GlobalSection(SolutionConfigurationPlatforms) = preSolution
		Debug|Any CPU = Debug|Any CPU
		Release|Any CPU = Release|Any CPU
	EndGlobalSection
	GlobalSection(ProjectConfigurationPlatforms) = postSolution
		{FE34795B-50A3-48A4-B148-42AD55B5A933}.Debug|Any CPU.ActiveCfg = Debug|Any CPU
		{FE34795B-50A3-48A4-B148-42AD55B5A933}.Debug|Any CPU.Build.0 = Debug|Any CPU
		{FE34795B-50A3-48A4-B148-42AD55B5A933}.Release|Any CPU.ActiveCfg = Release|Any CPU
		{FE34795B-50A3-48A4-B148-42AD55B5A933}.Release|Any CPU.Build.0 = Release|Any CPU
	EndGlobalSection
	GlobalSection(SolutionProperties) = preSolution
		HideSolutionNode = FALSE
	EndGlobalSection
	GlobalSection(ExtensibilityGlobals) = postSolution
		SolutionGuid = {D0404A37-4C2A-45D5-A228-0B602AFA3082}
	EndGlobalSection
EndGlobal
